
Microsoft Visual Studio Solution File, Format Version 12.00
# Visual Studio Version 17
VisualStudioVersion = 17.7.34031.279
MinimumVisualStudioVersion = 10.0.40219.1
Project("{FAE04EC0-301F-11D3-BF4B-00C04F79EFBC}") = "TeilnehmerVerwaltung_v2", "TeilnehmerVerwaltung_v2\TeilnehmerVerwaltung_v2.csproj", "{359D3FA4-F392-417E-A1A3-A4E860674E01}"
EndProject
Global
	GlobalSection(SolutionConfigurationPlatforms) = preSolution
		Debug|Any CPU = Debug|Any CPU
		Release|Any CPU = Release|Any CPU
	EndGlobalSection
	GlobalSection(ProjectConfigurationPlatforms) = postSolution
		{359D3FA4-F392-417E-A1A3-A4E860674E01}.Debug|Any CPU.ActiveCfg = Debug|Any CPU
		{359D3FA4-F392-417E-A1A3-A4E860674E01}.Debug|Any CPU.Build.0 = Debug|Any CPU
		{359D3FA4-F392-417E-A1A3-A4E860674E01}.Release|Any CPU.ActiveCfg = Release|Any CPU
		{359D3FA4-F392-417E-A1A3-A4E860674E01}.Release|Any CPU.Build.0 = Release|Any CPU
	EndGlobalSection
	GlobalSection(SolutionProperties) = preSolution
		HideSolutionNode = FALSE
	EndGlobalSection
	GlobalSection(ExtensibilityGlobals) = postSolution
		SolutionGuid = {46153F98-D2E1-4647-A39E-DB24479B3F34}
	EndGlobalSection
EndGlobal
